// !$*UTF8*$!
{
	archiveVersion = 1;
	classes = {
	};
	objectVersion = 46;
	objects = {

/* Begin PBXBuildFile section */
		FB4177371C5934AF00C4AB60 /* AppDelegate.swift in Sources */ = {isa = PBXBuildFile; fileRef = FB4177361C5934AF00C4AB60 /* AppDelegate.swift */; };
		FB4177391C5934AF00C4AB60 /* ViewController.swift in Sources */ = {isa = PBXBuildFile; fileRef = FB4177381C5934AF00C4AB60 /* ViewController.swift */; };
		FB41773C1C5934AF00C4AB60 /* Main.storyboard in Resources */ = {isa = PBXBuildFile; fileRef = FB41773A1C5934AF00C4AB60 /* Main.storyboard */; };
		FB41773E1C5934AF00C4AB60 /* Assets.xcassets in Resources */ = {isa = PBXBuildFile; fileRef = FB41773D1C5934AF00C4AB60 /* Assets.xcassets */; };
		FB4177411C5934AF00C4AB60 /* LaunchScreen.storyboard in Resources */ = {isa = PBXBuildFile; fileRef = FB41773F1C5934AF00C4AB60 /* LaunchScreen.storyboard */; };
/* End PBXBuildFile section */

/* Begin PBXFileReference section */
		FB4177331C5934AF00C4AB60 /* SuperCool.app */ = {isa = PBXFileReference; explicitFileType = wrapper.application; includeInIndex = 0; path = SuperCool.app; sourceTree = BUILT_PRODUCTS_DIR; };
		FB4177361C5934AF00C4AB60 /* AppDelegate.swift */ = {isa = PBXFileReference; lastKnownFileType = sourcecode.swift; path = AppDelegate.swift; sourceTree = "<group>"; };
		FB4177381C5934AF00C4AB60 /* ViewController.swift */ = {isa = PBXFileReference; lastKnownFileType = sourcecode.swift; path = ViewController.swift; sourceTree = "<group>"; };
		FB41773B1C5934AF00C4AB60 /* Base */ = {isa = PBXFileReference; lastKnownFileType = file.storyboard; name = Base; path = Base.lproj/Main.storyboard; sourceTree = "<group>"; };
		FB41773D1C5934AF00C4AB60 /* Assets.xcassets */ = {isa = PBXFileReference; lastKnownFileType = folder.assetcatalog; path = Assets.xcassets; sourceTree = "<group>"; };
		FB4177401C5934AF00C4AB60 /* Base */ = {isa = PBXFileReference; lastKnownFileType = file.storyboard; name = Base; path = Base.lproj/LaunchScreen.storyboard; sourceTree = "<group>"; };
		FB4177421C5934AF00C4AB60 /* Info.plist */ = {isa = PBXFileReference; lastKnownFileType = text.plist.xml; path = Info.plist; sourceTree = "<group>"; };
/* End PBXFileReference section */

/* Begin PBXFrameworksBuildPhase section */
		FB4177301C5934AF00C4AB60 /* Frameworks */ = {
			isa = PBXFrameworksBuildPhase;
			buildActionMask = 2147483647;
			files = (
			);
			runOnlyForDeploymentPostprocessing = 0;
		};
/* End PBXFrameworksBuildPhase section */

/* Begin PBXGroup section */
		FB41772A1C5934AE00C4AB60 = {
			isa = PBXGroup;
			children = (
				FB4177351C5934AF00C4AB60 /* SuperCool */,
				FB4177341C5934AF00C4AB60 /* Products */,
			);
			sourceTree = "<group>";
		};
		FB4177341C5934AF00C4AB60 /* Products */ = {
			isa = PBXGroup;
			children = (
				FB4177331C5934AF00C4AB60 /* SuperCool.app */,
			);
			name = Products;
			sourceTree = "<group>";
		};
		FB4177351C5934AF00C4AB60 /* SuperCool */ = {
			isa = PBXGroup;
			children = (
				FB4177361C5934AF00C4AB60 /* AppDelegate.swift */,
				FB4177381C5934AF00C4AB60 /* ViewController.swift */,
				FB41773A1C5934AF00C4AB60 /* Main.storyboard */,
				FB41773D1C5934AF00C4AB60 /* Assets.xcassets */,
				FB41773F1C5934AF00C4AB60 /* LaunchScreen.storyboard */,
				FB4177421C5934AF00C4AB60 /* Info.plist */,
			);
			path = SuperCool;
			sourceTree = "<group>";
		};
/* End PBXGroup section */

/* Begin PBXNativeTarget section */
		FB4177321C5934AF00C4AB60 /* SuperCool */ = {
			isa = PBXNativeTarget;
			buildConfigurationList = FB4177451C5934AF00C4AB60 /* Build configuration list for PBXNativeTarget "SuperCool" */;
			buildPhases = (
				FB41772F1C5934AF00C4AB60 /* Sources */,
				FB4177301C5934AF00C4AB60 /* Frameworks */,
				FB4177311C5934AF00C4AB60 /* Resources */,
			);
			buildRules = (
			);
			dependencies = (
			);
			name = SuperCool;
			productName = SuperCool;
			productReference = FB4177331C5934AF00C4AB60 /* SuperCool.app */;
			productType = "com.apple.product-type.application";
		};
/* End PBXNativeTarget section */

/* Begin PBXProject section */
		FB41772B1C5934AE00C4AB60 /* Project object */ = {
			isa = PBXProject;
			attributes = {
				LastSwiftUpdateCheck = 0720;
				LastUpgradeCheck = 0720;
				ORGANIZATIONNAME = "Scott Downie";
				TargetAttributes = {
					FB4177321C5934AF00C4AB60 = {
						CreatedOnToolsVersion = 7.2;
					};
				};
			};
			buildConfigurationList = FB41772E1C5934AE00C4AB60 /* Build configuration list for PBXProject "SuperCool" */;
			compatibilityVersion = "Xcode 3.2";
			developmentRegion = English;
			hasScannedForEncodings = 0;
			knownRegions = (
				en,
				Base,
			);
			mainGroup = FB41772A1C5934AE00C4AB60;
			productRefGroup = FB4177341C5934AF00C4AB60 /* Products */;
			projectDirPath = "";
			projectRoot = "";
			targets = (
				FB4177321C5934AF00C4AB60 /* SuperCool */,
			);
		};
/* End PBXProject section */

/* Begin PBXResourcesBuildPhase section */
		FB4177311C5934AF00C4AB60 /* Resources */ = {
			isa = PBXResourcesBuildPhase;
			buildActionMask = 2147483647;
			files = (
				FB4177411C5934AF00C4AB60 /* LaunchScreen.storyboard in Resources */,
				FB41773E1C5934AF00C4AB60 /* Assets.xcassets in Resources */,
				FB41773C1C5934AF00C4AB60 /* Main.storyboard in Resources */,
			);
			runOnlyForDeploymentPostprocessing = 0;
		};
/* End PBXResourcesBuildPhase section */

/* Begin PBXSourcesBuildPhase section */
		FB41772F1C5934AF00C4AB60 /* Sources */ = {
			isa = PBXSourcesBuildPhase;
			buildActionMask = 2147483647;
			files = (
				FB4177391C5934AF00C4AB60 /* ViewController.swift in Sources */,
				FB4177371C5934AF00C4AB60 /* AppDelegate.swift in Sources */,
			);
			runOnlyForDeploymentPostprocessing = 0;
		};
/* End PBXSourcesBuildPhase section */

/* Begin PBXVariantGroup section */
		FB41773A1C5934AF00C4AB60 /* Main.storyboard */ = {
			isa = PBXVariantGroup;
			children = (
				FB41773B1C5934AF00C4AB60 /* Base */,
			);
			name = Main.storyboard;
			sourceTree = "<group>";
		};
		FB41773F1C5934AF00C4AB60 /* LaunchScreen.storyboard */ = {
			isa = PBXVariantGroup;
			children = (
				FB4177401C5934AF00C4AB60 /* Base */,
			);
			name = LaunchScreen.storyboard;
			sourceTree = "<group>";
		};
/* End PBXVariantGroup section */

/* Begin XCBuildConfiguration section */
		FB4177431C5934AF00C4AB60 /* Debug */ = {
			isa = XCBuildConfiguration;
			buildSettings = {
				ALWAYS_SEARCH_USER_PATHS = NO;
				CLANG_CXX_LANGUAGE_STANDARD = "gnu++0x";
				CLANG_CXX_LIBRARY = "libc++";
				CLANG_ENABLE_MODULES = YES;
				CLANG_ENABLE_OBJC_ARC = YES;
				CLANG_WARN_BOOL_CONVERSION = YES;
				CLANG_WARN_CONSTANT_CONVERSION = YES;
				CLANG_WARN_DIRECT_OBJC_ISA_USAGE = YES_ERROR;
				CLANG_WARN_EMPTY_BODY = YES;
				CLANG_WARN_ENUM_CONVERSION = YES;
				CLANG_WARN_INT_CONVERSION = YES;
				CLANG_WARN_OBJC_ROOT_CLASS = YES_ERROR;
				CLANG_WARN_UNREACHABLE_CODE = YES;
				CLANG_WARN__DUPLICATE_METHOD_MATCH = YES;
				"CODE_SIGN_IDENTITY[sdk=iphoneos*]" = "iPhone Developer";
				COPY_PHASE_STRIP = NO;
				DEBUG_INFORMATION_FORMAT = dwarf;
				ENABLE_STRICT_OBJC_MSGSEND = YES;
				ENABLE_TESTABILITY = YES;
				GCC_C_LANGUAGE_STANDARD = gnu99;
				GCC_DYNAMIC_NO_PIC = NO;
				GCC_NO_COMMON_BLOCKS = YES;
				GCC_OPTIMIZATION_LEVEL = 0;
				GCC_PREPROCESSOR_DEFINITIONS = (
					"DEBUG=1",
					"$(inherited)",
				);
				GCC_WARN_64_TO_32_BIT_CONVERSION = YES;
				GCC_WARN_ABOUT_RETURN_TYPE = YES_ERROR;
				GCC_WARN_UNDECLARED_SELECTOR = YES;
				GCC_WARN_UNINITIALIZED_AUTOS = YES_AGGRESSIVE;
				GCC_WARN_UNUSED_FUNCTION = YES;
				GCC_WARN_UNUSED_VARIABLE = YES;
				IPHONEOS_DEPLOYMENT_TARGET = 9.2;
				MTL_ENABLE_DEBUG_INFO = YES;
				ONLY_ACTIVE_ARCH = YES;
				SDKROOT = iphoneos;
				SWIFT_OPTIMIZATION_LEVEL = "-Onone";
			};
			name = Debug;
		};
		FB4177441C5934AF00C4AB60 /* Release */ = {
			isa = XCBuildConfiguration;
			buildSettings = {
				ALWAYS_SEARCH_USER_PATHS = NO;
				CLANG_CXX_LANGUAGE_STANDARD = "gnu++0x";
				CLANG_CXX_LIBRARY = "libc++";
				CLANG_ENABLE_MODULES = YES;
				CLANG_ENABLE_OBJC_ARC = YES;
				CLANG_WARN_BOOL_CONVERSION = YES;
				CLANG_WARN_CONSTANT_CONVERSION = YES;
				CLANG_WARN_DIRECT_OBJC_ISA_USAGE = YES_ERROR;
				CLANG_WARN_EMPTY_BODY = YES;
				CLANG_WARN_ENUM_CONVERSION = YES;
				CLANG_WARN_INT_CONVERSION = YES;
				CLANG_WARN_OBJC_ROOT_CLASS = YES_ERROR;
				CLANG_WARN_UNREACHABLE_CODE = YES;
				CLANG_WARN__DUPLICATE_METHOD_MATCH = YES;
				"CODE_SIGN_IDENTITY[sdk=iphoneos*]" = "iPhone Developer";
				COPY_PHASE_STRIP = NO;
				DEBUG_INFORMATION_FORMAT = "dwarf-with-dsym";
				ENABLE_NS_ASSERTIONS = NO;
				ENABLE_STRICT_OBJC_MSGSEND = YES;
				GCC_C_LANGUAGE_STANDARD = gnu99;
				GCC_NO_COMMON_BLOCKS = YES;
				GCC_WARN_64_TO_32_BIT_CONVERSION = YES;
				GCC_WARN_ABOUT_RETURN_TYPE = YES_ERROR;
				GCC_WARN_UNDECLARED_SELECTOR = YES;
				GCC_WARN_UNINITIALIZED_AUTOS = YES_AGGRESSIVE;
				GCC_WARN_UNUSED_FUNCTION = YES;
				GCC_WARN_UNUSED_VARIABLE = YES;
				IPHONEOS_DEPLOYMENT_TARGET = 9.2;
				MTL_ENABLE_DEBUG_INFO = NO;
				SDKROOT = iphoneos;
				VALIDATE_PRODUCT = YES;
			};
			name = Release;
		};
		FB4177461C5934AF00C4AB60 /* Debug */ = {
			isa = XCBuildConfiguration;
			buildSettings = {
				ASSETCATALOG_COMPILER_APPICON_NAME = AppIcon;
				INFOPLIST_FILE = SuperCool/Info.plist;
				LD_RUNPATH_SEARCH_PATHS = "$(inherited) @executable_path/Frameworks";
				PRODUCT_BUNDLE_IDENTIFIER = com.scottdownie.SuperCool;
				PRODUCT_NAME = "$(TARGET_NAME)";
			};
			name = Debug;
		};
		FB4177471C5934AF00C4AB60 /* Release */ = {
			isa = XCBuildConfiguration;
			buildSettings = {
				ASSETCATALOG_COMPILER_APPICON_NAME = AppIcon;
				INFOPLIST_FILE = SuperCool/Info.plist;
				LD_RUNPATH_SEARCH_PATHS = "$(inherited) @executable_path/Frameworks";
				PRODUCT_BUNDLE_IDENTIFIER = com.scottdownie.SuperCool;
				PRODUCT_NAME = "$(TARGET_NAME)";
			};
			name = Release;
		};
/* End XCBuildConfiguration section */

/* Begin XCConfigurationList section */
		FB41772E1C5934AE00C4AB60 /* Build configuration list for PBXProject "SuperCool" */ = {
			isa = XCConfigurationList;
			buildConfigurations = (
				FB4177431C5934AF00C4AB60 /* Debug */,
				FB4177441C5934AF00C4AB60 /* Release */,
			);
			defaultConfigurationIsVisible = 0;
			defaultConfigurationName = Release;
		};
		FB4177451C5934AF00C4AB60 /* Build configuration list for PBXNativeTarget "SuperCool" */ = {
			isa = XCConfigurationList;
			buildConfigurations = (
				FB4177461C5934AF00C4AB60 /* Debug */,
				FB4177471C5934AF00C4AB60 /* Release */,
			);
			defaultConfigurationIsVisible = 0;
		};
/* End XCConfigurationList section */
	};
	rootObject = FB41772B1C5934AE00C4AB60 /* Project object */;
}
